// !$*UTF8*$!
{
	archiveVersion = 1;
	classes = {
	};
	objectVersion = 46;
	objects = {

/* Begin PBXBuildFile section */
		360E1A511C4F94290015BDB3 /* BaseWebViewController.swift in Sources */ = {isa = PBXBuildFile; fileRef = 360E1A501C4F94290015BDB3 /* BaseWebViewController.swift */; };
		360E1A531C4FAEBF0015BDB3 /* xc_home.json in Resources */ = {isa = PBXBuildFile; fileRef = 360E1A521C4FAEBF0015BDB3 /* xc_home.json */; };
		360E1A551C4FAF010015BDB3 /* GetFileJson.swift in Sources */ = {isa = PBXBuildFile; fileRef = 360E1A541C4FAF010015BDB3 /* GetFileJson.swift */; };
		36500FAE1C4C905E0008ACA5 /* Machine.swift in Sources */ = {isa = PBXBuildFile; fileRef = 36500FAD1C4C905E0008ACA5 /* Machine.swift */; };
		36500FB01C4C99170008ACA5 /* HomeViewController.swift in Sources */ = {isa = PBXBuildFile; fileRef = 36500FAF1C4C99170008ACA5 /* HomeViewController.swift */; };
		36FBF74E1C4CCB4B00862309 /* UIViewController+RACObserve.m in Sources */ = {isa = PBXBuildFile; fileRef = 36FBF74D1C4CCB4B00862309 /* UIViewController+RACObserve.m */; };
		36FBF7531C4CECAA00862309 /* BaseView.swift in Sources */ = {isa = PBXBuildFile; fileRef = 36FBF7521C4CECAA00862309 /* BaseView.swift */; };
		36FBF7551C4CEECE00862309 /* HomeView.swift in Sources */ = {isa = PBXBuildFile; fileRef = 36FBF7541C4CEECE00862309 /* HomeView.swift */; };
		36FBF7581C4CF17900862309 /* DCPicScrollView.m in Sources */ = {isa = PBXBuildFile; fileRef = 36FBF7571C4CF17900862309 /* DCPicScrollView.m */; };
		36FBF75B1C4CF37F00862309 /* DCWebImageManager.m in Sources */ = {isa = PBXBuildFile; fileRef = 36FBF75A1C4CF37F00862309 /* DCWebImageManager.m */; };
		7828B7501C4C6DA60095129D /* BaseViewController.swift in Sources */ = {isa = PBXBuildFile; fileRef = 7828B74F1C4C6DA60095129D /* BaseViewController.swift */; };
		7828B7521C4C6DBE0095129D /* PageNavViewController.swift in Sources */ = {isa = PBXBuildFile; fileRef = 7828B7511C4C6DBE0095129D /* PageNavViewController.swift */; };
		7879E6E91C4D1CC10038852F /* AFhttpRequestMothed.swift in Sources */ = {isa = PBXBuildFile; fileRef = 7879E6E81C4D1CC10038852F /* AFhttpRequestMothed.swift */; };
		7879E6EB1C4D223B0038852F /* HttpUrl.swift in Sources */ = {isa = PBXBuildFile; fileRef = 7879E6EA1C4D223B0038852F /* HttpUrl.swift */; };
		78BB4ABD1C4B503F002DEDD0 /* AppDelegate.swift in Sources */ = {isa = PBXBuildFile; fileRef = 78BB4ABC1C4B503F002DEDD0 /* AppDelegate.swift */; };
		78BB4ABF1C4B503F002DEDD0 /* MainViewController.swift in Sources */ = {isa = PBXBuildFile; fileRef = 78BB4ABE1C4B503F002DEDD0 /* MainViewController.swift */; };
		78BB4AC21C4B503F002DEDD0 /* Main.storyboard in Resources */ = {isa = PBXBuildFile; fileRef = 78BB4AC01C4B503F002DEDD0 /* Main.storyboard */; };
		78BB4AC51C4B503F002DEDD0 /* DemoSwiftJwcaiCoreWork.xcdatamodeld in Sources */ = {isa = PBXBuildFile; fileRef = 78BB4AC31C4B503F002DEDD0 /* DemoSwiftJwcaiCoreWork.xcdatamodeld */; };
		78BB4AC71C4B503F002DEDD0 /* Assets.xcassets in Resources */ = {isa = PBXBuildFile; fileRef = 78BB4AC61C4B503F002DEDD0 /* Assets.xcassets */; };
		78BB4ACA1C4B503F002DEDD0 /* LaunchScreen.storyboard in Resources */ = {isa = PBXBuildFile; fileRef = 78BB4AC81C4B503F002DEDD0 /* LaunchScreen.storyboard */; };
		DBB55DF94C35970B46661871 /* libPods-DemoSwiftJwcaiCoreWork.a in Frameworks */ = {isa = PBXBuildFile; fileRef = CFDEAB1E8CC6FD0D784CA5EB /* libPods-DemoSwiftJwcaiCoreWork.a */; };
/* End PBXBuildFile section */

/* Begin PBXFileReference section */
		360E1A501C4F94290015BDB3 /* BaseWebViewController.swift */ = {isa = PBXFileReference; fileEncoding = 4; lastKnownFileType = sourcecode.swift; path = BaseWebViewController.swift; sourceTree = "<group>"; };
		360E1A521C4FAEBF0015BDB3 /* xc_home.json */ = {isa = PBXFileReference; fileEncoding = 4; lastKnownFileType = text.json; path = xc_home.json; sourceTree = "<group>"; };
		360E1A541C4FAF010015BDB3 /* GetFileJson.swift */ = {isa = PBXFileReference; fileEncoding = 4; lastKnownFileType = sourcecode.swift; path = GetFileJson.swift; sourceTree = "<group>"; };
		36500FAD1C4C905E0008ACA5 /* Machine.swift */ = {isa = PBXFileReference; fileEncoding = 4; lastKnownFileType = sourcecode.swift; path = Machine.swift; sourceTree = "<group>"; };
		36500FAF1C4C99170008ACA5 /* HomeViewController.swift */ = {isa = PBXFileReference; fileEncoding = 4; lastKnownFileType = sourcecode.swift; path = HomeViewController.swift; sourceTree = "<group>"; };
		36500FB11C4CB7C80008ACA5 /* DemoSwiftJwcaiCoreWork-Bridging-Header.h */ = {isa = PBXFileReference; lastKnownFileType = sourcecode.c.h; path = "DemoSwiftJwcaiCoreWork-Bridging-Header.h"; sourceTree = "<group>"; };
		36FBF74C1C4CCB4B00862309 /* UIViewController+RACObserve.h */ = {isa = PBXFileReference; fileEncoding = 4; lastKnownFileType = sourcecode.c.h; path = "UIViewController+RACObserve.h"; sourceTree = "<group>"; };
		36FBF74D1C4CCB4B00862309 /* UIViewController+RACObserve.m */ = {isa = PBXFileReference; fileEncoding = 4; lastKnownFileType = sourcecode.c.objc; path = "UIViewController+RACObserve.m"; sourceTree = "<group>"; };
		36FBF7521C4CECAA00862309 /* BaseView.swift */ = {isa = PBXFileReference; fileEncoding = 4; lastKnownFileType = sourcecode.swift; path = BaseView.swift; sourceTree = "<group>"; };
		36FBF7541C4CEECE00862309 /* HomeView.swift */ = {isa = PBXFileReference; fileEncoding = 4; lastKnownFileType = sourcecode.swift; path = HomeView.swift; sourceTree = "<group>"; };
		36FBF7561C4CF17900862309 /* DCPicScrollView.h */ = {isa = PBXFileReference; fileEncoding = 4; lastKnownFileType = sourcecode.c.h; path = DCPicScrollView.h; sourceTree = "<group>"; };
		36FBF7571C4CF17900862309 /* DCPicScrollView.m */ = {isa = PBXFileReference; fileEncoding = 4; lastKnownFileType = sourcecode.c.objc; path = DCPicScrollView.m; sourceTree = "<group>"; };
		36FBF7591C4CF37F00862309 /* DCWebImageManager.h */ = {isa = PBXFileReference; fileEncoding = 4; lastKnownFileType = sourcecode.c.h; path = DCWebImageManager.h; sourceTree = "<group>"; };
		36FBF75A1C4CF37F00862309 /* DCWebImageManager.m */ = {isa = PBXFileReference; fileEncoding = 4; lastKnownFileType = sourcecode.c.objc; path = DCWebImageManager.m; sourceTree = "<group>"; };
		3F73536C0526B2359DC32DEC /* Pods-DemoSwiftJwcaiCoreWork.debug.xcconfig */ = {isa = PBXFileReference; includeInIndex = 1; lastKnownFileType = text.xcconfig; name = "Pods-DemoSwiftJwcaiCoreWork.debug.xcconfig"; path = "Pods/Target Support Files/Pods-DemoSwiftJwcaiCoreWork/Pods-DemoSwiftJwcaiCoreWork.debug.xcconfig"; sourceTree = "<group>"; };
		7828B74F1C4C6DA60095129D /* BaseViewController.swift */ = {isa = PBXFileReference; fileEncoding = 4; lastKnownFileType = sourcecode.swift; path = BaseViewController.swift; sourceTree = "<group>"; };
		7828B7511C4C6DBE0095129D /* PageNavViewController.swift */ = {isa = PBXFileReference; fileEncoding = 4; lastKnownFileType = sourcecode.swift; path = PageNavViewController.swift; sourceTree = "<group>"; };
		7879E6E81C4D1CC10038852F /* AFhttpRequestMothed.swift */ = {isa = PBXFileReference; fileEncoding = 4; lastKnownFileType = sourcecode.swift; path = AFhttpRequestMothed.swift; sourceTree = "<group>"; };
		7879E6EA1C4D223B0038852F /* HttpUrl.swift */ = {isa = PBXFileReference; fileEncoding = 4; lastKnownFileType = sourcecode.swift; path = HttpUrl.swift; sourceTree = "<group>"; };
		78BB4AB91C4B503F002DEDD0 /* DemoSwiftJwcaiCoreWork.app */ = {isa = PBXFileReference; explicitFileType = wrapper.application; includeInIndex = 0; path = DemoSwiftJwcaiCoreWork.app; sourceTree = BUILT_PRODUCTS_DIR; };
		78BB4ABC1C4B503F002DEDD0 /* AppDelegate.swift */ = {isa = PBXFileReference; lastKnownFileType = sourcecode.swift; path = AppDelegate.swift; sourceTree = "<group>"; };
		78BB4ABE1C4B503F002DEDD0 /* MainViewController.swift */ = {isa = PBXFileReference; lastKnownFileType = sourcecode.swift; path = MainViewController.swift; sourceTree = "<group>"; };
		78BB4AC11C4B503F002DEDD0 /* Base */ = {isa = PBXFileReference; lastKnownFileType = file.storyboard; name = Base; path = Base.lproj/Main.storyboard; sourceTree = "<group>"; };
		78BB4AC41C4B503F002DEDD0 /* DemoSwiftJwcaiCoreWork.xcdatamodel */ = {isa = PBXFileReference; lastKnownFileType = wrapper.xcdatamodel; path = DemoSwiftJwcaiCoreWork.xcdatamodel; sourceTree = "<group>"; };
		78BB4AC61C4B503F002DEDD0 /* Assets.xcassets */ = {isa = PBXFileReference; lastKnownFileType = folder.assetcatalog; path = Assets.xcassets; sourceTree = "<group>"; };
		78BB4AC91C4B503F002DEDD0 /* Base */ = {isa = PBXFileReference; lastKnownFileType = file.storyboard; name = Base; path = Base.lproj/LaunchScreen.storyboard; sourceTree = "<group>"; };
		78BB4ACB1C4B503F002DEDD0 /* Info.plist */ = {isa = PBXFileReference; lastKnownFileType = text.plist.xml; path = Info.plist; sourceTree = "<group>"; };
		95214E7D425605757EE4EE8A /* Pods-DemoSwiftJwcaiCoreWork.release.xcconfig */ = {isa = PBXFileReference; includeInIndex = 1; lastKnownFileType = text.xcconfig; name = "Pods-DemoSwiftJwcaiCoreWork.release.xcconfig"; path = "Pods/Target Support Files/Pods-DemoSwiftJwcaiCoreWork/Pods-DemoSwiftJwcaiCoreWork.release.xcconfig"; sourceTree = "<group>"; };
		CFDEAB1E8CC6FD0D784CA5EB /* libPods-DemoSwiftJwcaiCoreWork.a */ = {isa = PBXFileReference; explicitFileType = archive.ar; includeInIndex = 0; path = "libPods-DemoSwiftJwcaiCoreWork.a"; sourceTree = BUILT_PRODUCTS_DIR; };
/* End PBXFileReference section */

/* Begin PBXFrameworksBuildPhase section */
		78BB4AB61C4B503F002DEDD0 /* Frameworks */ = {
			isa = PBXFrameworksBuildPhase;
			buildActionMask = 2147483647;
			files = (
				DBB55DF94C35970B46661871 /* libPods-DemoSwiftJwcaiCoreWork.a in Frameworks */,
			);
			runOnlyForDeploymentPostprocessing = 0;
		};
/* End PBXFrameworksBuildPhase section */

/* Begin PBXGroup section */
		7828B74B1C4C6D0A0095129D /* Model */ = {
			isa = PBXGroup;
			children = (
				78BB4ABC1C4B503F002DEDD0 /* AppDelegate.swift */,
				36500FAD1C4C905E0008ACA5 /* Machine.swift */,
				36FBF74C1C4CCB4B00862309 /* UIViewController+RACObserve.h */,
				36FBF74D1C4CCB4B00862309 /* UIViewController+RACObserve.m */,
				7879E6E81C4D1CC10038852F /* AFhttpRequestMothed.swift */,
				7879E6EA1C4D223B0038852F /* HttpUrl.swift */,
				360E1A541C4FAF010015BDB3 /* GetFileJson.swift */,
			);
			name = Model;
			sourceTree = "<group>";
		};
		7828B74C1C4C6D190095129D /* View */ = {
			isa = PBXGroup;
			children = (
				36FBF7591C4CF37F00862309 /* DCWebImageManager.h */,
				36FBF75A1C4CF37F00862309 /* DCWebImageManager.m */,
				36FBF7561C4CF17900862309 /* DCPicScrollView.h */,
				36FBF7571C4CF17900862309 /* DCPicScrollView.m */,
				78BB4AC81C4B503F002DEDD0 /* LaunchScreen.storyboard */,
				78BB4AC01C4B503F002DEDD0 /* Main.storyboard */,
				36FBF7521C4CECAA00862309 /* BaseView.swift */,
				36FBF7541C4CEECE00862309 /* HomeView.swift */,
			);
			name = View;
			sourceTree = "<group>";
		};
		7828B74D1C4C6D200095129D /* Controller */ = {
			isa = PBXGroup;
			children = (
				78BB4ABE1C4B503F002DEDD0 /* MainViewController.swift */,
				7828B74F1C4C6DA60095129D /* BaseViewController.swift */,
				7828B7511C4C6DBE0095129D /* PageNavViewController.swift */,
				36500FAF1C4C99170008ACA5 /* HomeViewController.swift */,
				360E1A501C4F94290015BDB3 /* BaseWebViewController.swift */,
			);
			name = Controller;
			sourceTree = "<group>";
		};
		7828B74E1C4C6D5B0095129D /* resource */ = {
			isa = PBXGroup;
			children = (
				360E1A521C4FAEBF0015BDB3 /* xc_home.json */,
				78BB4ACB1C4B503F002DEDD0 /* Info.plist */,
				78BB4AC31C4B503F002DEDD0 /* DemoSwiftJwcaiCoreWork.xcdatamodeld */,
				78BB4AC61C4B503F002DEDD0 /* Assets.xcassets */,
				36500FB11C4CB7C80008ACA5 /* DemoSwiftJwcaiCoreWork-Bridging-Header.h */,
			);
			name = resource;
			sourceTree = "<group>";
		};
		78BB4AB01C4B503F002DEDD0 = {
			isa = PBXGroup;
			children = (
				78BB4ABB1C4B503F002DEDD0 /* DemoSwiftJwcaiCoreWork */,
				78BB4ABA1C4B503F002DEDD0 /* Products */,
				A2A7EC203D6E11C19D5E47EF /* Pods */,
				ECC7F5F78B529DB449E10E83 /* Frameworks */,
			);
			sourceTree = "<group>";
		};
		78BB4ABA1C4B503F002DEDD0 /* Products */ = {
			isa = PBXGroup;
			children = (
				78BB4AB91C4B503F002DEDD0 /* DemoSwiftJwcaiCoreWork.app */,
			);
			name = Products;
			sourceTree = "<group>";
		};
		78BB4ABB1C4B503F002DEDD0 /* DemoSwiftJwcaiCoreWork */ = {
			isa = PBXGroup;
			children = (
				7828B74E1C4C6D5B0095129D /* resource */,
				7828B74D1C4C6D200095129D /* Controller */,
				7828B74C1C4C6D190095129D /* View */,
				7828B74B1C4C6D0A0095129D /* Model */,
			);
			path = DemoSwiftJwcaiCoreWork;
			sourceTree = "<group>";
		};
		A2A7EC203D6E11C19D5E47EF /* Pods */ = {
			isa = PBXGroup;
			children = (
				3F73536C0526B2359DC32DEC /* Pods-DemoSwiftJwcaiCoreWork.debug.xcconfig */,
				95214E7D425605757EE4EE8A /* Pods-DemoSwiftJwcaiCoreWork.release.xcconfig */,
			);
			name = Pods;
			sourceTree = "<group>";
		};
		ECC7F5F78B529DB449E10E83 /* Frameworks */ = {
			isa = PBXGroup;
			children = (
				CFDEAB1E8CC6FD0D784CA5EB /* libPods-DemoSwiftJwcaiCoreWork.a */,
			);
			name = Frameworks;
			sourceTree = "<group>";
		};
/* End PBXGroup section */

/* Begin PBXNativeTarget section */
		78BB4AB81C4B503F002DEDD0 /* DemoSwiftJwcaiCoreWork */ = {
			isa = PBXNativeTarget;
			buildConfigurationList = 78BB4ACE1C4B503F002DEDD0 /* Build configuration list for PBXNativeTarget "DemoSwiftJwcaiCoreWork" */;
			buildPhases = (
				C67BCD58ABE123579867F4A4 /* Check Pods Manifest.lock */,
				78BB4AB51C4B503F002DEDD0 /* Sources */,
				78BB4AB61C4B503F002DEDD0 /* Frameworks */,
				78BB4AB71C4B503F002DEDD0 /* Resources */,
				775AF467643FB8022DD1C04A /* Copy Pods Resources */,
			);
			buildRules = (
			);
			dependencies = (
			);
			name = DemoSwiftJwcaiCoreWork;
			productName = DemoSwiftJwcaiCoreWork;
			productReference = 78BB4AB91C4B503F002DEDD0 /* DemoSwiftJwcaiCoreWork.app */;
			productType = "com.apple.product-type.application";
		};
/* End PBXNativeTarget section */

/* Begin PBXProject section */
		78BB4AB11C4B503F002DEDD0 /* Project object */ = {
			isa = PBXProject;
			attributes = {
				LastSwiftUpdateCheck = 0720;
				LastUpgradeCheck = 0720;
				ORGANIZATIONNAME = jw;
				TargetAttributes = {
					78BB4AB81C4B503F002DEDD0 = {
						CreatedOnToolsVersion = 7.2;
					};
				};
			};
			buildConfigurationList = 78BB4AB41C4B503F002DEDD0 /* Build configuration list for PBXProject "DemoSwiftJwcaiCoreWork" */;
			compatibilityVersion = "Xcode 3.2";
			developmentRegion = English;
			hasScannedForEncodings = 0;
			knownRegions = (
				en,
				Base,
			);
			mainGroup = 78BB4AB01C4B503F002DEDD0;
			productRefGroup = 78BB4ABA1C4B503F002DEDD0 /* Products */;
			projectDirPath = "";
			projectRoot = "";
			targets = (
				78BB4AB81C4B503F002DEDD0 /* DemoSwiftJwcaiCoreWork */,
			);
		};
/* End PBXProject section */

/* Begin PBXResourcesBuildPhase section */
		78BB4AB71C4B503F002DEDD0 /* Resources */ = {
			isa = PBXResourcesBuildPhase;
			buildActionMask = 2147483647;
			files = (
				78BB4ACA1C4B503F002DEDD0 /* LaunchScreen.storyboard in Resources */,
				78BB4AC71C4B503F002DEDD0 /* Assets.xcassets in Resources */,
				78BB4AC21C4B503F002DEDD0 /* Main.storyboard in Resources */,
				360E1A531C4FAEBF0015BDB3 /* xc_home.json in Resources */,
			);
			runOnlyForDeploymentPostprocessing = 0;
		};
/* End PBXResourcesBuildPhase section */

/* Begin PBXShellScriptBuildPhase section */
		775AF467643FB8022DD1C04A /* Copy Pods Resources */ = {
			isa = PBXShellScriptBuildPhase;
			buildActionMask = 2147483647;
			files = (
			);
			inputPaths = (
			);
			name = "Copy Pods Resources";
			outputPaths = (
			);
			runOnlyForDeploymentPostprocessing = 0;
			shellPath = /bin/sh;
			shellScript = "\"${SRCROOT}/Pods/Target Support Files/Pods-DemoSwiftJwcaiCoreWork/Pods-DemoSwiftJwcaiCoreWork-resources.sh\"\n";
			showEnvVarsInLog = 0;
		};
		C67BCD58ABE123579867F4A4 /* Check Pods Manifest.lock */ = {
			isa = PBXShellScriptBuildPhase;
			buildActionMask = 2147483647;
			files = (
			);
			inputPaths = (
			);
			name = "Check Pods Manifest.lock";
			outputPaths = (
			);
			runOnlyForDeploymentPostprocessing = 0;
			shellPath = /bin/sh;
			shellScript = "diff \"${PODS_ROOT}/../Podfile.lock\" \"${PODS_ROOT}/Manifest.lock\" > /dev/null\nif [[ $? != 0 ]] ; then\n    cat << EOM\nerror: The sandbox is not in sync with the Podfile.lock. Run 'pod install' or update your CocoaPods installation.\nEOM\n    exit 1\nfi\n";
			showEnvVarsInLog = 0;
		};
/* End PBXShellScriptBuildPhase section */

/* Begin PBXSourcesBuildPhase section */
		78BB4AB51C4B503F002DEDD0 /* Sources */ = {
			isa = PBXSourcesBuildPhase;
			buildActionMask = 2147483647;
			files = (
				360E1A511C4F94290015BDB3 /* BaseWebViewController.swift in Sources */,
				7828B7501C4C6DA60095129D /* BaseViewController.swift in Sources */,
				7879E6E91C4D1CC10038852F /* AFhttpRequestMothed.swift in Sources */,
				36FBF75B1C4CF37F00862309 /* DCWebImageManager.m in Sources */,
				7879E6EB1C4D223B0038852F /* HttpUrl.swift in Sources */,
				78BB4ABF1C4B503F002DEDD0 /* MainViewController.swift in Sources */,
				360E1A551C4FAF010015BDB3 /* GetFileJson.swift in Sources */,
				36500FAE1C4C905E0008ACA5 /* Machine.swift in Sources */,
				36FBF7551C4CEECE00862309 /* HomeView.swift in Sources */,
				78BB4AC51C4B503F002DEDD0 /* DemoSwiftJwcaiCoreWork.xcdatamodeld in Sources */,
				36FBF74E1C4CCB4B00862309 /* UIViewController+RACObserve.m in Sources */,
				36FBF7581C4CF17900862309 /* DCPicScrollView.m in Sources */,
				78BB4ABD1C4B503F002DEDD0 /* AppDelegate.swift in Sources */,
				36FBF7531C4CECAA00862309 /* BaseView.swift in Sources */,
				36500FB01C4C99170008ACA5 /* HomeViewController.swift in Sources */,
				7828B7521C4C6DBE0095129D /* PageNavViewController.swift in Sources */,
			);
			runOnlyForDeploymentPostprocessing = 0;
		};
/* End PBXSourcesBuildPhase section */

/* Begin PBXVariantGroup section */
		78BB4AC01C4B503F002DEDD0 /* Main.storyboard */ = {
			isa = PBXVariantGroup;
			children = (
				78BB4AC11C4B503F002DEDD0 /* Base */,
			);
			name = Main.storyboard;
			sourceTree = "<group>";
		};
		78BB4AC81C4B503F002DEDD0 /* LaunchScreen.storyboard */ = {
			isa = PBXVariantGroup;
			children = (
				78BB4AC91C4B503F002DEDD0 /* Base */,
			);
			name = LaunchScreen.storyboard;
			sourceTree = "<group>";
		};
/* End PBXVariantGroup section */

/* Begin XCBuildConfiguration section */
		78BB4ACC1C4B503F002DEDD0 /* Debug */ = {
			isa = XCBuildConfiguration;
			buildSettings = {
				ALWAYS_SEARCH_USER_PATHS = NO;
				CLANG_CXX_LANGUAGE_STANDARD = "gnu++0x";
				CLANG_CXX_LIBRARY = "libc++";
				CLANG_ENABLE_MODULES = YES;
				CLANG_ENABLE_OBJC_ARC = YES;
				CLANG_WARN_BOOL_CONVERSION = YES;
				CLANG_WARN_CONSTANT_CONVERSION = YES;
				CLANG_WARN_DIRECT_OBJC_ISA_USAGE = YES_ERROR;
				CLANG_WARN_EMPTY_BODY = YES;
				CLANG_WARN_ENUM_CONVERSION = YES;
				CLANG_WARN_INT_CONVERSION = YES;
				CLANG_WARN_OBJC_ROOT_CLASS = YES_ERROR;
				CLANG_WARN_UNREACHABLE_CODE = YES;
				CLANG_WARN__DUPLICATE_METHOD_MATCH = YES;
				"CODE_SIGN_IDENTITY[sdk=iphoneos*]" = "iPhone Developer";
				COPY_PHASE_STRIP = NO;
				DEBUG_INFORMATION_FORMAT = dwarf;
				ENABLE_STRICT_OBJC_MSGSEND = YES;
				ENABLE_TESTABILITY = YES;
				GCC_C_LANGUAGE_STANDARD = gnu99;
				GCC_DYNAMIC_NO_PIC = NO;
				GCC_NO_COMMON_BLOCKS = YES;
				GCC_OPTIMIZATION_LEVEL = 0;
				GCC_PREPROCESSOR_DEFINITIONS = (
					"DEBUG=1",
					"$(inherited)",
				);
				GCC_WARN_64_TO_32_BIT_CONVERSION = YES;
				GCC_WARN_ABOUT_RETURN_TYPE = YES_ERROR;
				GCC_WARN_UNDECLARED_SELECTOR = YES;
				GCC_WARN_UNINITIALIZED_AUTOS = YES_AGGRESSIVE;
				GCC_WARN_UNUSED_FUNCTION = YES;
				GCC_WARN_UNUSED_VARIABLE = YES;
				IPHONEOS_DEPLOYMENT_TARGET = 9.2;
				MTL_ENABLE_DEBUG_INFO = YES;
				ONLY_ACTIVE_ARCH = YES;
				SDKROOT = iphoneos;
				SWIFT_OPTIMIZATION_LEVEL = "-Onone";
			};
			name = Debug;
		};
		78BB4ACD1C4B503F002DEDD0 /* Release */ = {
			isa = XCBuildConfiguration;
			buildSettings = {
				ALWAYS_SEARCH_USER_PATHS = NO;
				CLANG_CXX_LANGUAGE_STANDARD = "gnu++0x";
				CLANG_CXX_LIBRARY = "libc++";
				CLANG_ENABLE_MODULES = YES;
				CLANG_ENABLE_OBJC_ARC = YES;
				CLANG_WARN_BOOL_CONVERSION = YES;
				CLANG_WARN_CONSTANT_CONVERSION = YES;
				CLANG_WARN_DIRECT_OBJC_ISA_USAGE = YES_ERROR;
				CLANG_WARN_EMPTY_BODY = YES;
				CLANG_WARN_ENUM_CONVERSION = YES;
				CLANG_WARN_INT_CONVERSION = YES;
				CLANG_WARN_OBJC_ROOT_CLASS = YES_ERROR;
				CLANG_WARN_UNREACHABLE_CODE = YES;
				CLANG_WARN__DUPLICATE_METHOD_MATCH = YES;
				"CODE_SIGN_IDENTITY[sdk=iphoneos*]" = "iPhone Developer";
				COPY_PHASE_STRIP = NO;
				DEBUG_INFORMATION_FORMAT = "dwarf-with-dsym";
				ENABLE_NS_ASSERTIONS = NO;
				ENABLE_STRICT_OBJC_MSGSEND = YES;
				GCC_C_LANGUAGE_STANDARD = gnu99;
				GCC_NO_COMMON_BLOCKS = YES;
				GCC_WARN_64_TO_32_BIT_CONVERSION = YES;
				GCC_WARN_ABOUT_RETURN_TYPE = YES_ERROR;
				GCC_WARN_UNDECLARED_SELECTOR = YES;
				GCC_WARN_UNINITIALIZED_AUTOS = YES_AGGRESSIVE;
				GCC_WARN_UNUSED_FUNCTION = YES;
				GCC_WARN_UNUSED_VARIABLE = YES;
				IPHONEOS_DEPLOYMENT_TARGET = 9.2;
				MTL_ENABLE_DEBUG_INFO = NO;
				SDKROOT = iphoneos;
				VALIDATE_PRODUCT = YES;
			};
			name = Release;
		};
		78BB4ACF1C4B503F002DEDD0 /* Debug */ = {
			isa = XCBuildConfiguration;
			baseConfigurationReference = 3F73536C0526B2359DC32DEC /* Pods-DemoSwiftJwcaiCoreWork.debug.xcconfig */;
			buildSettings = {
				ASSETCATALOG_COMPILER_APPICON_NAME = AppIcon;
				CLANG_ENABLE_MODULES = YES;
				INFOPLIST_FILE = DemoSwiftJwcaiCoreWork/Info.plist;
				IPHONEOS_DEPLOYMENT_TARGET = 7.0;
				LD_RUNPATH_SEARCH_PATHS = "$(inherited) @executable_path/Frameworks";
				PRODUCT_BUNDLE_IDENTIFIER = com.jw.DemoSwiftJwcaiCoreWork;
				PRODUCT_NAME = "$(TARGET_NAME)";
				SWIFT_OBJC_BRIDGING_HEADER = "DemoSwiftJwcaiCoreWork/DemoSwiftJwcaiCoreWork-Bridging-Header.h";
				SWIFT_OPTIMIZATION_LEVEL = "-Onone";
				TARGETED_DEVICE_FAMILY = "1,2";
			};
			name = Debug;
		};
		78BB4AD01C4B503F002DEDD0 /* Release */ = {
			isa = XCBuildConfiguration;
			baseConfigurationReference = 95214E7D425605757EE4EE8A /* Pods-DemoSwiftJwcaiCoreWork.release.xcconfig */;
			buildSettings = {
				ASSETCATALOG_COMPILER_APPICON_NAME = AppIcon;
				CLANG_ENABLE_MODULES = YES;
				INFOPLIST_FILE = DemoSwiftJwcaiCoreWork/Info.plist;
				IPHONEOS_DEPLOYMENT_TARGET = 7.0;
				LD_RUNPATH_SEARCH_PATHS = "$(inherited) @executable_path/Frameworks";
				PRODUCT_BUNDLE_IDENTIFIER = com.jw.DemoSwiftJwcaiCoreWork;
				PRODUCT_NAME = "$(TARGET_NAME)";
				SWIFT_OBJC_BRIDGING_HEADER = "DemoSwiftJwcaiCoreWork/DemoSwiftJwcaiCoreWork-Bridging-Header.h";
				TARGETED_DEVICE_FAMILY = "1,2";
			};
			name = Release;
		};
/* End XCBuildConfiguration section */

/* Begin XCConfigurationList section */
		78BB4AB41C4B503F002DEDD0 /* Build configuration list for PBXProject "DemoSwiftJwcaiCoreWork" */ = {
			isa = XCConfigurationList;
			buildConfigurations = (
				78BB4ACC1C4B503F002DEDD0 /* Debug */,
				78BB4ACD1C4B503F002DEDD0 /* Release */,
			);
			defaultConfigurationIsVisible = 0;
			defaultConfigurationName = Release;
		};
		78BB4ACE1C4B503F002DEDD0 /* Build configuration list for PBXNativeTarget "DemoSwiftJwcaiCoreWork" */ = {
			isa = XCConfigurationList;
			buildConfigurations = (
				78BB4ACF1C4B503F002DEDD0 /* Debug */,
				78BB4AD01C4B503F002DEDD0 /* Release */,
			);
			defaultConfigurationIsVisible = 0;
			defaultConfigurationName = Release;
		};
/* End XCConfigurationList section */

/* Begin XCVersionGroup section */
		78BB4AC31C4B503F002DEDD0 /* DemoSwiftJwcaiCoreWork.xcdatamodeld */ = {
			isa = XCVersionGroup;
			children = (
				78BB4AC41C4B503F002DEDD0 /* DemoSwiftJwcaiCoreWork.xcdatamodel */,
			);
			currentVersion = 78BB4AC41C4B503F002DEDD0 /* DemoSwiftJwcaiCoreWork.xcdatamodel */;
			path = DemoSwiftJwcaiCoreWork.xcdatamodeld;
			sourceTree = "<group>";
			versionGroupType = wrapper.xcdatamodel;
		};
/* End XCVersionGroup section */
	};
	rootObject = 78BB4AB11C4B503F002DEDD0 /* Project object */;
}
